// !$*UTF8*$!
{
	archiveVersion = 1;
	classes = {
	};
	objectVersion = 46;
	objects = {

/* Begin PBXBuildFile section */
		3ED63ECB136C219F00C379CC /* UIKit.framework in Frameworks */ = {isa = PBXBuildFile; fileRef = 3ED63ECA136C219F00C379CC /* UIKit.framework */; };
		3ED63ECD136C219F00C379CC /* Foundation.framework in Frameworks */ = {isa = PBXBuildFile; fileRef = 3ED63ECC136C219F00C379CC /* Foundation.framework */; };
		3ED63ECF136C219F00C379CC /* CoreGraphics.framework in Frameworks */ = {isa = PBXBuildFile; fileRef = 3ED63ECE136C219F00C379CC /* CoreGraphics.framework */; };
		3ED63ED5136C219F00C379CC /* InfoPlist.strings in Resources */ = {isa = PBXBuildFile; fileRef = 3ED63ED3136C219F00C379CC /* InfoPlist.strings */; };
		3ED63ED8136C219F00C379CC /* main.m in Sources */ = {isa = PBXBuildFile; fileRef = 3ED63ED7136C219F00C379CC /* main.m */; };
		3ED63EDB136C219F00C379CC /* MyTableAppDelegate.m in Sources */ = {isa = PBXBuildFile; fileRef = 3ED63EDA136C219F00C379CC /* MyTableAppDelegate.m */; };
		3ED63EDE136C21A000C379CC /* MainWindow.xib in Resources */ = {isa = PBXBuildFile; fileRef = 3ED63EDC136C21A000C379CC /* MainWindow.xib */; };
		3ED63EE1136C21A000C379CC /* MyTableViewController.m in Sources */ = {isa = PBXBuildFile; fileRef = 3ED63EE0136C21A000C379CC /* MyTableViewController.m */; };
		3ED63EE4136C21A000C379CC /* MyTableViewController.xib in Resources */ = {isa = PBXBuildFile; fileRef = 3ED63EE2136C21A000C379CC /* MyTableViewController.xib */; };
		3ED63EFC136C28D500C379CC /* MyXMLParser.m in Sources */ = {isa = PBXBuildFile; fileRef = 3ED63EFB136C28D500C379CC /* MyXMLParser.m */; };
/* End PBXBuildFile section */

/* Begin PBXFileReference section */
		3ED63EC6136C219F00C379CC /* MyTable.app */ = {isa = PBXFileReference; explicitFileType = wrapper.application; includeInIndex = 0; path = MyTable.app; sourceTree = BUILT_PRODUCTS_DIR; };
		3ED63ECA136C219F00C379CC /* UIKit.framework */ = {isa = PBXFileReference; lastKnownFileType = wrapper.framework; name = UIKit.framework; path = System/Library/Frameworks/UIKit.framework; sourceTree = SDKROOT; };
		3ED63ECC136C219F00C379CC /* Foundation.framework */ = {isa = PBXFileReference; lastKnownFileType = wrapper.framework; name = Foundation.framework; path = System/Library/Frameworks/Foundation.framework; sourceTree = SDKROOT; };
		3ED63ECE136C219F00C379CC /* CoreGraphics.framework */ = {isa = PBXFileReference; lastKnownFileType = wrapper.framework; name = CoreGraphics.framework; path = System/Library/Frameworks/CoreGraphics.framework; sourceTree = SDKROOT; };
		3ED63ED2136C219F00C379CC /* MyTable-Info.plist */ = {isa = PBXFileReference; lastKnownFileType = text.plist.xml; path = "MyTable-Info.plist"; sourceTree = "<group>"; };
		3ED63ED4136C219F00C379CC /* en */ = {isa = PBXFileReference; lastKnownFileType = text.plist.strings; name = en; path = en.lproj/InfoPlist.strings; sourceTree = "<group>"; };
		3ED63ED6136C219F00C379CC /* MyTable-Prefix.pch */ = {isa = PBXFileReference; lastKnownFileType = sourcecode.c.h; path = "MyTable-Prefix.pch"; sourceTree = "<group>"; };
		3ED63ED7136C219F00C379CC /* main.m */ = {isa = PBXFileReference; lastKnownFileType = sourcecode.c.objc; path = main.m; sourceTree = "<group>"; };
		3ED63ED9136C219F00C379CC /* MyTableAppDelegate.h */ = {isa = PBXFileReference; lastKnownFileType = sourcecode.c.h; path = MyTableAppDelegate.h; sourceTree = "<group>"; };
		3ED63EDA136C219F00C379CC /* MyTableAppDelegate.m */ = {isa = PBXFileReference; lastKnownFileType = sourcecode.c.objc; path = MyTableAppDelegate.m; sourceTree = "<group>"; };
		3ED63EDD136C21A000C379CC /* en */ = {isa = PBXFileReference; lastKnownFileType = file.xib; name = en; path = en.lproj/MainWindow.xib; sourceTree = "<group>"; };
		3ED63EDF136C21A000C379CC /* MyTableViewController.h */ = {isa = PBXFileReference; lastKnownFileType = sourcecode.c.h; path = MyTableViewController.h; sourceTree = "<group>"; };
		3ED63EE0136C21A000C379CC /* MyTableViewController.m */ = {isa = PBXFileReference; lastKnownFileType = sourcecode.c.objc; path = MyTableViewController.m; sourceTree = "<group>"; };
		3ED63EE3136C21A000C379CC /* en */ = {isa = PBXFileReference; lastKnownFileType = file.xib; name = en; path = en.lproj/MyTableViewController.xib; sourceTree = "<group>"; };
		3ED63EFA136C28D500C379CC /* MyXMLParser.h */ = {isa = PBXFileReference; fileEncoding = 4; lastKnownFileType = sourcecode.c.h; path = MyXMLParser.h; sourceTree = "<group>"; };
		3ED63EFB136C28D500C379CC /* MyXMLParser.m */ = {isa = PBXFileReference; fileEncoding = 4; lastKnownFileType = sourcecode.c.objc; path = MyXMLParser.m; sourceTree = "<group>"; };
/* End PBXFileReference section */

/* Begin PBXFrameworksBuildPhase section */
		3ED63EC3136C219F00C379CC /* Frameworks */ = {
			isa = PBXFrameworksBuildPhase;
			buildActionMask = 2147483647;
			files = (
				3ED63ECB136C219F00C379CC /* UIKit.framework in Frameworks */,
				3ED63ECD136C219F00C379CC /* Foundation.framework in Frameworks */,
				3ED63ECF136C219F00C379CC /* CoreGraphics.framework in Frameworks */,
			);
			runOnlyForDeploymentPostprocessing = 0;
		};
/* End PBXFrameworksBuildPhase section */

/* Begin PBXGroup section */
		3ED63EBB136C219F00C379CC = {
			isa = PBXGroup;
			children = (
				3ED63ED0136C219F00C379CC /* MyTable */,
				3ED63EC9136C219F00C379CC /* Frameworks */,
				3ED63EC7136C219F00C379CC /* Products */,
			);
			sourceTree = "<group>";
		};
		3ED63EC7136C219F00C379CC /* Products */ = {
			isa = PBXGroup;
			children = (
				3ED63EC6136C219F00C379CC /* MyTable.app */,
			);
			name = Products;
			sourceTree = "<group>";
		};
		3ED63EC9136C219F00C379CC /* Frameworks */ = {
			isa = PBXGroup;
			children = (
				3ED63ECA136C219F00C379CC /* UIKit.framework */,
				3ED63ECC136C219F00C379CC /* Foundation.framework */,
				3ED63ECE136C219F00C379CC /* CoreGraphics.framework */,
			);
			name = Frameworks;
			sourceTree = "<group>";
		};
		3ED63ED0136C219F00C379CC /* MyTable */ = {
			isa = PBXGroup;
			children = (
				3ED63ED9136C219F00C379CC /* MyTableAppDelegate.h */,
				3ED63EDA136C219F00C379CC /* MyTableAppDelegate.m */,
				3ED63EDC136C21A000C379CC /* MainWindow.xib */,
				3ED63EDF136C21A000C379CC /* MyTableViewController.h */,
				3ED63EE0136C21A000C379CC /* MyTableViewController.m */,
				3ED63EE2136C21A000C379CC /* MyTableViewController.xib */,
				3ED63ED1136C219F00C379CC /* Supporting Files */,
				3ED63EFA136C28D500C379CC /* MyXMLParser.h */,
				3ED63EFB136C28D500C379CC /* MyXMLParser.m */,
			);
			path = MyTable;
			sourceTree = "<group>";
		};
		3ED63ED1136C219F00C379CC /* Supporting Files */ = {
			isa = PBXGroup;
			children = (
				3ED63ED2136C219F00C379CC /* MyTable-Info.plist */,
				3ED63ED3136C219F00C379CC /* InfoPlist.strings */,
				3ED63ED6136C219F00C379CC /* MyTable-Prefix.pch */,
				3ED63ED7136C219F00C379CC /* main.m */,
			);
			name = "Supporting Files";
			sourceTree = "<group>";
		};
/* End PBXGroup section */

/* Begin PBXNativeTarget section */
		3ED63EC5136C219F00C379CC /* MyTable */ = {
			isa = PBXNativeTarget;
			buildConfigurationList = 3ED63EE7136C21A000C379CC /* Build configuration list for PBXNativeTarget "MyTable" */;
			buildPhases = (
				3ED63EC2136C219F00C379CC /* Sources */,
				3ED63EC3136C219F00C379CC /* Frameworks */,
				3ED63EC4136C219F00C379CC /* Resources */,
			);
			buildRules = (
			);
			dependencies = (
			);
			name = MyTable;
			productName = MyTable;
			productReference = 3ED63EC6136C219F00C379CC /* MyTable.app */;
			productType = "com.apple.product-type.application";
		};
/* End PBXNativeTarget section */

/* Begin PBXProject section */
		3ED63EBD136C219F00C379CC /* Project object */ = {
			isa = PBXProject;
			buildConfigurationList = 3ED63EC0136C219F00C379CC /* Build configuration list for PBXProject "MyTable" */;
			compatibilityVersion = "Xcode 3.2";
			developmentRegion = English;
			hasScannedForEncodings = 0;
			knownRegions = (
				en,
			);
			mainGroup = 3ED63EBB136C219F00C379CC;
			productRefGroup = 3ED63EC7136C219F00C379CC /* Products */;
			projectDirPath = "";
			projectRoot = "";
			targets = (
				3ED63EC5136C219F00C379CC /* MyTable */,
			);
		};
/* End PBXProject section */

/* Begin PBXResourcesBuildPhase section */
		3ED63EC4136C219F00C379CC /* Resources */ = {
			isa = PBXResourcesBuildPhase;
			buildActionMask = 2147483647;
			files = (
				3ED63ED5136C219F00C379CC /* InfoPlist.strings in Resources */,
				3ED63EDE136C21A000C379CC /* MainWindow.xib in Resources */,
				3ED63EE4136C21A000C379CC /* MyTableViewController.xib in Resources */,
			);
			runOnlyForDeploymentPostprocessing = 0;
		};
/* End PBXResourcesBuildPhase section */

/* Begin PBXSourcesBuildPhase section */
		3ED63EC2136C219F00C379CC /* Sources */ = {
			isa = PBXSourcesBuildPhase;
			buildActionMask = 2147483647;
			files = (
				3ED63ED8136C219F00C379CC /* main.m in Sources */,
				3ED63EDB136C219F00C379CC /* MyTableAppDelegate.m in Sources */,
				3ED63EE1136C21A000C379CC /* MyTableViewController.m in Sources */,
				3ED63EFC136C28D500C379CC /* MyXMLParser.m in Sources */,
			);
			runOnlyForDeploymentPostprocessing = 0;
		};
/* End PBXSourcesBuildPhase section */

/* Begin PBXVariantGroup section */
		3ED63ED3136C219F00C379CC /* InfoPlist.strings */ = {
			isa = PBXVariantGroup;
			children = (
				3ED63ED4136C219F00C379CC /* en */,
			);
			name = InfoPlist.strings;
			sourceTree = "<group>";
		};
		3ED63EDC136C21A000C379CC /* MainWindow.xib */ = {
			isa = PBXVariantGroup;
			children = (
				3ED63EDD136C21A000C379CC /* en */,
			);
			name = MainWindow.xib;
			sourceTree = "<group>";
		};
		3ED63EE2136C21A000C379CC /* MyTableViewController.xib */ = {
			isa = PBXVariantGroup;
			children = (
				3ED63EE3136C21A000C379CC /* en */,
			);
			name = MyTableViewController.xib;
			sourceTree = "<group>";
		};
/* End PBXVariantGroup section */

/* Begin XCBuildConfiguration section */
		3ED63EE5136C21A000C379CC /* Debug */ = {
			isa = XCBuildConfiguration;
			buildSettings = {
				ARCHS = "$(ARCHS_STANDARD_32_BIT)";
				"CODE_SIGN_IDENTITY[sdk=iphoneos*]" = "iPhone Developer";
				GCC_C_LANGUAGE_STANDARD = gnu99;
				GCC_OPTIMIZATION_LEVEL = 0;
				GCC_PREPROCESSOR_DEFINITIONS = DEBUG;
				GCC_SYMBOLS_PRIVATE_EXTERN = NO;
				GCC_VERSION = com.apple.compilers.llvmgcc42;
				GCC_WARN_ABOUT_RETURN_TYPE = YES;
				GCC_WARN_UNUSED_VARIABLE = YES;
				IPHONEOS_DEPLOYMENT_TARGET = 4.3;
				SDKROOT = iphoneos;
			};
			name = Debug;
		};
		3ED63EE6136C21A000C379CC /* Release */ = {
			isa = XCBuildConfiguration;
			buildSettings = {
				ARCHS = "$(ARCHS_STANDARD_32_BIT)";
				"CODE_SIGN_IDENTITY[sdk=iphoneos*]" = "iPhone Developer";
				GCC_C_LANGUAGE_STANDARD = gnu99;
				GCC_VERSION = com.apple.compilers.llvmgcc42;
				GCC_WARN_ABOUT_RETURN_TYPE = YES;
				GCC_WARN_UNUSED_VARIABLE = YES;
				IPHONEOS_DEPLOYMENT_TARGET = 4.3;
				OTHER_CFLAGS = "-DNS_BLOCK_ASSERTIONS=1";
				SDKROOT = iphoneos;
			};
			name = Release;
		};
		3ED63EE8136C21A000C379CC /* Debug */ = {
			isa = XCBuildConfiguration;
			buildSettings = {
				ALWAYS_SEARCH_USER_PATHS = NO;
				COPY_PHASE_STRIP = NO;
				GCC_DYNAMIC_NO_PIC = NO;
				GCC_PRECOMPILE_PREFIX_HEADER = YES;
				GCC_PREFIX_HEADER = "MyTable/MyTable-Prefix.pch";
				INFOPLIST_FILE = "MyTable/MyTable-Info.plist";
				IPHONEOS_DEPLOYMENT_TARGET = 3.1.3;
				PRODUCT_NAME = "$(TARGET_NAME)";
				WRAPPER_EXTENSION = app;
			};
			name = Debug;
		};
		3ED63EE9136C21A000C379CC /* Release */ = {
			isa = XCBuildConfiguration;
			buildSettings = {
				ALWAYS_SEARCH_USER_PATHS = NO;
				COPY_PHASE_STRIP = YES;
				GCC_PRECOMPILE_PREFIX_HEADER = YES;
				GCC_PREFIX_HEADER = "MyTable/MyTable-Prefix.pch";
				INFOPLIST_FILE = "MyTable/MyTable-Info.plist";
				IPHONEOS_DEPLOYMENT_TARGET = 3.1.3;
				PRODUCT_NAME = "$(TARGET_NAME)";
				VALIDATE_PRODUCT = YES;
				WRAPPER_EXTENSION = app;
			};
			name = Release;
		};
/* End XCBuildConfiguration section */

/* Begin XCConfigurationList section */
		3ED63EC0136C219F00C379CC /* Build configuration list for PBXProject "MyTable" */ = {
			isa = XCConfigurationList;
			buildConfigurations = (
				3ED63EE5136C21A000C379CC /* Debug */,
				3ED63EE6136C21A000C379CC /* Release */,
			);
			defaultConfigurationIsVisible = 0;
			defaultConfigurationName = Release;
		};
		3ED63EE7136C21A000C379CC /* Build configuration list for PBXNativeTarget "MyTable" */ = {
			isa = XCConfigurationList;
			buildConfigurations = (
				3ED63EE8136C21A000C379CC /* Debug */,
				3ED63EE9136C21A000C379CC /* Release */,
			);
			defaultConfigurationIsVisible = 0;
			defaultConfigurationName = Release;
		};
/* End XCConfigurationList section */
	};
	rootObject = 3ED63EBD136C219F00C379CC /* Project object */;
}
